
Microsoft Visual Studio Solution File, Format Version 12.00
# Visual Studio Version 17
VisualStudioVersion = 17.0.31410.414
MinimumVisualStudioVersion = 10.0.40219.1
Project("{9A19103F-16F7-4668-BE54-9A1E7A4F7556}") = "BHS.Web", "src\BHS.Web\BHS.Web.csproj", "{8DF8F9B9-FB2C-4D4B-92C1-8194FC3C655F}"
EndProject
Project("{9A19103F-16F7-4668-BE54-9A1E7A4F7556}") = "BHS.Contracts", "src\BHS.Contracts\BHS.Contracts.csproj", "{480921B7-DDB7-4493-80C6-EC02E6574C53}"
EndProject
Project("{9A19103F-16F7-4668-BE54-9A1E7A4F7556}") = "BHS.Domain", "src\BHS.Domain\BHS.Domain.csproj", "{559E90BA-08F5-4F0B-9569-81930AC872BF}"
EndProject
Project("{9A19103F-16F7-4668-BE54-9A1E7A4F7556}") = "BHS.Infrastructure", "src\BHS.Infrastructure\BHS.Infrastructure.csproj", "{AB34D166-6C35-4435-8E44-CEF3216F0D17}"
EndProject
Project("{2150E333-8FDC-42A3-9474-1A3956D46DE8}") = "Solution Items", "Solution Items", "{9C866732-9887-46FC-B1C5-69FC5EC6519F}"
	ProjectSection(SolutionItems) = preProject
		.editorconfig = .editorconfig
		.gitattributes = .gitattributes
		.gitignore = .gitignore
		LICENSE = LICENSE
		README.md = README.md
	EndProjectSection
EndProject
Project("{2150E333-8FDC-42A3-9474-1A3956D46DE8}") = "Database", "Database", "{FAC7551A-9265-45C6-A624-0F2427050CF1}"
EndProject
Project("{00D1A9C2-B5F0-4AF3-8072-F6C62B433612}") = "BHS.SSDT", "database\BHS.SSDT\BHS.SSDT.sqlproj", "{EB2C04B8-2B1E-439B-95AF-A8D5D8C9B078}"
EndProject
Project("{2150E333-8FDC-42A3-9474-1A3956D46DE8}") = "Tests", "Tests", "{4406DB72-4E36-4A11-AABB-38DB63D6C22C}"
EndProject
Project("{9A19103F-16F7-4668-BE54-9A1E7A4F7556}") = "BHS.Infrastructure.Tests", "tests\BHS.Infrastructure.Tests\BHS.Infrastructure.Tests.csproj", "{B4F7FB0F-DD5E-4102-BACB-F0CF8923D169}"
EndProject
Project("{9A19103F-16F7-4668-BE54-9A1E7A4F7556}") = "BHS.Web.Tests", "tests\BHS.Web.Tests\BHS.Web.Tests.csproj", "{E13F0BCB-8675-4903-940B-E755B9BE403D}"
EndProject
Project("{9A19103F-16F7-4668-BE54-9A1E7A4F7556}") = "BHS.Domain.Tests", "tests\BHS.Domain.Tests\BHS.Domain.Tests.csproj", "{7F5C1621-8FF8-4EA9-93D6-4D1EBCC7322D}"
EndProject
Project("{2150E333-8FDC-42A3-9474-1A3956D46DE8}") = "Builds", "Builds", "{159F3C87-C585-4197-A50F-8383679960B7}"
	ProjectSection(SolutionItems) = preProject
		.github\workflows\angular.yml = .github\workflows\angular.yml
		.github\workflows\dotnet.yml = .github\workflows\dotnet.yml
		.github\workflows\ssdt.yml = .github\workflows\ssdt.yml
	EndProjectSection
EndProject
Global
	GlobalSection(SolutionConfigurationPlatforms) = preSolution
		Debug|Any CPU = Debug|Any CPU
		Release|Any CPU = Release|Any CPU
	EndGlobalSection
	GlobalSection(ProjectConfigurationPlatforms) = postSolution
		{8DF8F9B9-FB2C-4D4B-92C1-8194FC3C655F}.Debug|Any CPU.ActiveCfg = Debug|Any CPU
		{8DF8F9B9-FB2C-4D4B-92C1-8194FC3C655F}.Debug|Any CPU.Build.0 = Debug|Any CPU
		{8DF8F9B9-FB2C-4D4B-92C1-8194FC3C655F}.Release|Any CPU.ActiveCfg = Release|Any CPU
		{8DF8F9B9-FB2C-4D4B-92C1-8194FC3C655F}.Release|Any CPU.Build.0 = Release|Any CPU
		{480921B7-DDB7-4493-80C6-EC02E6574C53}.Debug|Any CPU.ActiveCfg = Debug|Any CPU
		{480921B7-DDB7-4493-80C6-EC02E6574C53}.Debug|Any CPU.Build.0 = Debug|Any CPU
		{480921B7-DDB7-4493-80C6-EC02E6574C53}.Release|Any CPU.ActiveCfg = Release|Any CPU
		{480921B7-DDB7-4493-80C6-EC02E6574C53}.Release|Any CPU.Build.0 = Release|Any CPU
		{559E90BA-08F5-4F0B-9569-81930AC872BF}.Debug|Any CPU.ActiveCfg = Debug|Any CPU
		{559E90BA-08F5-4F0B-9569-81930AC872BF}.Debug|Any CPU.Build.0 = Debug|Any CPU
		{559E90BA-08F5-4F0B-9569-81930AC872BF}.Release|Any CPU.ActiveCfg = Release|Any CPU
		{559E90BA-08F5-4F0B-9569-81930AC872BF}.Release|Any CPU.Build.0 = Release|Any CPU
		{AB34D166-6C35-4435-8E44-CEF3216F0D17}.Debug|Any CPU.ActiveCfg = Debug|Any CPU
		{AB34D166-6C35-4435-8E44-CEF3216F0D17}.Debug|Any CPU.Build.0 = Debug|Any CPU
		{AB34D166-6C35-4435-8E44-CEF3216F0D17}.Release|Any CPU.ActiveCfg = Release|Any CPU
		{AB34D166-6C35-4435-8E44-CEF3216F0D17}.Release|Any CPU.Build.0 = Release|Any CPU
		{EB2C04B8-2B1E-439B-95AF-A8D5D8C9B078}.Debug|Any CPU.ActiveCfg = Debug|Any CPU
		{EB2C04B8-2B1E-439B-95AF-A8D5D8C9B078}.Debug|Any CPU.Deploy.0 = Debug|Any CPU
		{EB2C04B8-2B1E-439B-95AF-A8D5D8C9B078}.Release|Any CPU.ActiveCfg = Release|Any CPU
		{EB2C04B8-2B1E-439B-95AF-A8D5D8C9B078}.Release|Any CPU.Deploy.0 = Release|Any CPU
		{B4F7FB0F-DD5E-4102-BACB-F0CF8923D169}.Debug|Any CPU.ActiveCfg = Debug|Any CPU
		{B4F7FB0F-DD5E-4102-BACB-F0CF8923D169}.Debug|Any CPU.Build.0 = Debug|Any CPU
		{B4F7FB0F-DD5E-4102-BACB-F0CF8923D169}.Release|Any CPU.ActiveCfg = Release|Any CPU
		{B4F7FB0F-DD5E-4102-BACB-F0CF8923D169}.Release|Any CPU.Build.0 = Release|Any CPU
		{E13F0BCB-8675-4903-940B-E755B9BE403D}.Debug|Any CPU.ActiveCfg = Debug|Any CPU
		{E13F0BCB-8675-4903-940B-E755B9BE403D}.Debug|Any CPU.Build.0 = Debug|Any CPU
		{E13F0BCB-8675-4903-940B-E755B9BE403D}.Release|Any CPU.ActiveCfg = Release|Any CPU
		{E13F0BCB-8675-4903-940B-E755B9BE403D}.Release|Any CPU.Build.0 = Release|Any CPU
		{7F5C1621-8FF8-4EA9-93D6-4D1EBCC7322D}.Debug|Any CPU.ActiveCfg = Debug|Any CPU
		{7F5C1621-8FF8-4EA9-93D6-4D1EBCC7322D}.Debug|Any CPU.Build.0 = Debug|Any CPU
		{7F5C1621-8FF8-4EA9-93D6-4D1EBCC7322D}.Release|Any CPU.ActiveCfg = Release|Any CPU
		{7F5C1621-8FF8-4EA9-93D6-4D1EBCC7322D}.Release|Any CPU.Build.0 = Release|Any CPU
	EndGlobalSection
	GlobalSection(SolutionProperties) = preSolution
		HideSolutionNode = FALSE
	EndGlobalSection
	GlobalSection(NestedProjects) = preSolution
		{EB2C04B8-2B1E-439B-95AF-A8D5D8C9B078} = {FAC7551A-9265-45C6-A624-0F2427050CF1}
		{B4F7FB0F-DD5E-4102-BACB-F0CF8923D169} = {4406DB72-4E36-4A11-AABB-38DB63D6C22C}
		{E13F0BCB-8675-4903-940B-E755B9BE403D} = {4406DB72-4E36-4A11-AABB-38DB63D6C22C}
		{7F5C1621-8FF8-4EA9-93D6-4D1EBCC7322D} = {4406DB72-4E36-4A11-AABB-38DB63D6C22C}
	EndGlobalSection
	GlobalSection(ExtensibilityGlobals) = postSolution
		SolutionGuid = {78F6B374-6C30-4282-A380-FCFBC02FB329}
	EndGlobalSection
EndGlobal
